source_url=https://github.com/mattpocock/skills.git
assessed_commit=8b36d4fb2635b3c21998dcd8144439c9e5ba7302
# SHA-256 of upstream .claude-plugin/plugin.json (25 published skills); the 22 allowlist rows below remain the local selection.
manifest_sha256=85a5f2ad87b1070c13a97a9379887fc43e5e786a0ab7a3c0f0281d2b30f523b2
# SHA-256 of sorted `skill=mode` lines derived from the selected skill metadata.
invocation_manifest_sha256=6e30f32c601ef6473c6895e1e536f87f4ec9a3e179dea19587b5f578d248643a
# Exact local trees for the 14 selected skills that remain byte-for-byte upstream.
upstream_tree_sha256=grill-with-docs:2709e7d916096a783dae120d269fa1b62e01bc58125ce6c58e4bf645adec766b
upstream_tree_sha256=improve-codebase-architecture:1b1d6bbba32133028914026a6992ff06f0a323b9bfc253a74d7a43ee9897059d
upstream_tree_sha256=setup-matt-pocock-skills:20fabc63fdb530037748eaf9b1a62a53ea91ac5a18cecc0fb001c3002b2673fc
upstream_tree_sha256=tdd:807b29b3f7d1ae9c14d8970ad981b697ad908af932b8aa74cf095f671038f346
upstream_tree_sha256=to-spec:7fe9db6b276a87383996b138efa07e7e20fb5fbec8bd6027e084733b48efba60
upstream_tree_sha256=to-tickets:030ff9a692ff972061b8fa98caf5fd2cafd5c3b64d1f78480ba8c37bc6d5e454
upstream_tree_sha256=wayfinder:8c91f90c7129883d2c4cd1f7c255873e215c292801ecf4ed47af995a752b81dd
upstream_tree_sha256=implement:08a0cb886cb9474eee27feb13ddb96b9087d90b39a6f9ff913195d9b60728bd0
upstream_tree_sha256=research:679ea679b8e4d0381b74dd9dc3fa0d329f8b7134c1151d1c2458824c1c24c016
upstream_tree_sha256=domain-modeling:1918befd92fd79e48b96698c79bdcea0b925b188d6c70004c077515153750101
upstream_tree_sha256=codebase-design:1a383c195d752de7f28a495f5fb3db54eaad06734c57ccd810390fe31eea9579
upstream_tree_sha256=resolving-merge-conflicts:52162eecbd8366e1d4b145e0964dfab7fe3cd534773d85e79c750f6e04aa65f5
upstream_tree_sha256=grill-me:0da3a0d6c13e90dd18565754376f49c533a8779a6079c88e7a1bbc7d3dab4b10
upstream_tree_sha256=teach:10707673896f85135ada4425709be25a349ec85f576b5f9a7926615971db19b1
skill=ask-matt
skill=diagnosing-bugs
skill=grill-with-docs
skill=triage
skill=improve-codebase-architecture
skill=setup-matt-pocock-skills
skill=tdd
skill=to-spec
skill=to-tickets
skill=wayfinder
skill=implement
skill=prototype
skill=research
skill=domain-modeling
skill=codebase-design
skill=code-review
skill=resolving-merge-conflicts
skill=grill-me
skill=grilling
skill=handoff
skill=teach
skill=writing-for-agents
