source_url=https://github.com/mattpocock/skills.git
assessed_commit=ed37663cc5fbef691ddfecd080dff42f7e7e350d
manifest_sha256=e712cc026f5e78058067d17cd1fdf9665388d70db59dc50688286cb029e38eba
invocation_manifest_sha256=48bd97bffeb103d96fcfbf348b051d84e4d78de9d50061e286b19fa4cf00dde0
skill=ask-matt
skill=diagnosing-bugs
skill=grill-with-docs
skill=triage
skill=improve-codebase-architecture
skill=setup-matt-pocock-skills
skill=tdd
skill=to-spec
skill=to-tickets
skill=wayfinder
skill=implement
skill=prototype
skill=research
skill=domain-modeling
skill=codebase-design
skill=code-review
skill=resolving-merge-conflicts
skill=grill-me
skill=grilling
skill=handoff
skill=teach
skill=writing-great-skills
