source_url=https://github.com/mattpocock/skills.git
assessed_commit=8b36d4fb2635b3c21998dcd8144439c9e5ba7302
# SHA-256 of upstream .claude-plugin/plugin.json (25 published skills); the 22 allowlist rows below remain the local selection.
manifest_sha256=85a5f2ad87b1070c13a97a9379887fc43e5e786a0ab7a3c0f0281d2b30f523b2
# SHA-256 of sorted `skill=mode` lines derived from the selected skill metadata.
invocation_manifest_sha256=6e30f32c601ef6473c6895e1e536f87f4ec9a3e179dea19587b5f578d248643a
# Exact local trees for the 1 selected skill that remain byte-for-byte upstream.
# grill-with-docs fork baseline (2026-09-09): 2709e7d916096a783dae120d269fa1b62e01bc58125ce6c58e4bf645adec766b; current tree in vendored-forks.md
# setup-matt-pocock-skills fork baseline (2026-09-09): 20fabc63fdb530037748eaf9b1a62a53ea91ac5a18cecc0fb001c3002b2673fc; current tree in vendored-forks.md
# tdd fork baseline (2026-09-05): 807b29b3f7d1ae9c14d8970ad981b697ad908af932b8aa74cf095f671038f346; current tree in vendored-forks.md
# to-spec fork baseline (2026-09-09): 7fe9db6b276a87383996b138efa07e7e20fb5fbec8bd6027e084733b48efba60; current tree in vendored-forks.md
# to-tickets fork baseline (2026-09-09): 030ff9a692ff972061b8fa98caf5fd2cafd5c3b64d1f78480ba8c37bc6d5e454; current tree in vendored-forks.md
# wayfinder fork baseline (2026-09-09): 8c91f90c7129883d2c4cd1f7c255873e215c292801ecf4ed47af995a752b81dd; current tree in vendored-forks.md
# implement fork baseline (2026-09-07): 08a0cb886cb9474eee27feb13ddb96b9087d90b39a6f9ff913195d9b60728bd0; current tree in vendored-forks.md
# domain-modeling fork baseline (2026-09-09): 1918befd92fd79e48b96698c79bdcea0b925b188d6c70004c077515153750101; current tree in vendored-forks.md
# improve-codebase-architecture fork baseline (2026-09-09): 78544103d7c78120e6fcdd2aecc2c89a0d403af1810e31c79a8e2feed9559670; current tree in vendored-forks.md
# codebase-design fork baseline (2026-09-09): 1a383c195d752de7f28a495f5fb3db54eaad06734c57ccd810390fe31eea9579; current tree in vendored-forks.md
# resolving-merge-conflicts fork baseline (2026-09-09): 52162eecbd8366e1d4b145e0964dfab7fe3cd534773d85e79c750f6e04aa65f5; current tree in vendored-forks.md
# grill-me fork baseline (2026-09-09): 0da3a0d6c13e90dd18565754376f49c533a8779a6079c88e7a1bbc7d3dab4b10; current tree in vendored-forks.md
# teach fork baseline (2026-09-09): 10707673896f85135ada4425709be25a349ec85f576b5f9a7926615971db19b1; current tree in vendored-forks.md
skill=ask-matt
skill=diagnosing-bugs
skill=grill-with-docs
skill=triage
skill=improve-codebase-architecture
skill=setup-matt-pocock-skills
skill=tdd
skill=to-spec
skill=to-tickets
skill=wayfinder
skill=implement
skill=prototype
skill=research
skill=domain-modeling
skill=codebase-design
skill=code-review
skill=resolving-merge-conflicts
skill=grill-me
skill=grilling
skill=handoff
skill=teach
skill=writing-for-agents
