# skill	tree_sha256
clarify	5a65e4a576f9fe4e35aa23701a271b11b1a4c7f104300bab6a2e9f944b2e69e2
clean-code-dotnet	7e53e673348379b72f76c7a85c3c199720ddd09e4b963c85092a03eefa054408
csharp-developer	62fc766131e1ceb45e8d8942e4b7dd35fd0f3e6d00333b4eb4d38f4456a5e39a
dotnet-core-expert	ec640f9552257d643b91a8abb60f8b0ee4fbe59810a88b4def4a92d6a8a2cddb
dotnet-find-bugs	f5bafdbe03a03b1c8a09ff1810b30fff08ced4c1d81c7371a8522b0a2c254dee
dotnet-test	435a220786ad2ef6c8023111330cd4d822717af241952c6d404160a3acb07bae
make-skill-template	a8d0a804eaf94034f55a32b0b768aa32a60ea375788c105ee6b4605807dc9272
microsoft-code-reference	8ee7c32860e0b751aeedcde1c84b725235ec1d2ac63ab9be5d3799ae26417a1c
microsoft-docs	e656618a3bc63d9d8d5bdc381f3eb1bf4327b9ef4bb22ff399c301551f421acf
nuget-manager	8975f11dbd825140e43d931e99d74733b8195200019ec9bc314ba63596b37c9d
web-design-reviewer	c5b0b5b56b7363dd97528a08ef2f6447fc3e34dbdd9fcb01a41b18d2720a5a25
