# skill	tree_sha256
clean-code-dotnet	648eafb5e500fd97feecdfc5d59ad02d739bd268f0f2c078e2030bc14028d876
microsoft-code-reference	8d7a68b5608140152957931c96d8700b6a9898032a90e9f72c269cb995be2048
microsoft-docs	c1cc5bf59d6113fee38facb5bd2fd0cc2cabf28303fa4975220b6f790c9e0d7e
web-design-reviewer	7d343d08b963ce92b8696574dc901ad1f89b4396bf6365b96d82849527ae4f44
