# skill	tree_sha256
clean-code-dotnet	648eafb5e500fd97feecdfc5d59ad02d739bd268f0f2c078e2030bc14028d876
microsoft-code-reference	be249a9695b5390872b4a46ec58240b2e433459ffe79e36ba706d1a6bcd330df
microsoft-docs	9becdf0c515f00430ce7027f9224dc0ec114d6ff20923bfa9edc0c4cc5014d77
web-design-reviewer	e02224e287fc99c6ef7ce52e9bb403d250a1b801761a59e2ade850e95c7aec23
