# skill	source_url	assessed_revision	payload_sha256	tree_sha256
clean-code-dotnet	https://github.com/thangchung/clean-code-dotnet/tree/a604cf99e618de359cf34c5384a16fe72a5db2f4	a604cf99e618de359cf34c5384a16fe72a5db2f4	1822793f2e3c98073656225a48cde796f5ab2d69683d33500683b43209e96b77	3f1cb3c62da34813c63d3d041feb0287044a5df5047f1cf824d95a25ba8f89b0
dotnet-find-bugs	https://github.com/ricoisme/vscode-agents/tree/2b1240abad239703d09875acefd7ae42685c88ff/skills/dotnet-find-bugs	2b1240abad239703d09875acefd7ae42685c88ff	3400759137d19cb5be53eba30c15994c5f916de55bf35ab38deec543c8cbfd7d	f5bafdbe03a03b1c8a09ff1810b30fff08ced4c1d81c7371a8522b0a2c254dee
dotnet-test	https://github.com/GiantCroissant-Lunar/pigeon-pea/tree/d62332d0efb2b45be1a6f1350a399149f8ce494e/.agent/skills/dotnet-test	d62332d0efb2b45be1a6f1350a399149f8ce494e	a912e481912aa94f688340ec6e96d0187933257747c7ce793d2465ab13bdac76	d583ef03da7e559d0f63a599cbc9b57ab942ff1bbe6a23c96d808cc65c085697
microsoft-code-reference	https://github.com/github/awesome-copilot/tree/1918e6f868fdce88ad5d848406fe472fa3948b7a/skills/microsoft-code-reference	1918e6f868fdce88ad5d848406fe472fa3948b7a	65c28591eacc92e4f5d224f3acff2daf72e6c85b97c78ae6da1e80198b7c30d2	8ee7c32860e0b751aeedcde1c84b725235ec1d2ac63ab9be5d3799ae26417a1c
microsoft-docs	https://github.com/github/awesome-copilot/tree/a3035a6e7cad53ef68ca321d5f5365c0043af519/skills/microsoft-docs	a3035a6e7cad53ef68ca321d5f5365c0043af519	55efaf4464e6f29832a79cb11660685d581e3afbed9c8ec0d5d5b502963ec99f	e656618a3bc63d9d8d5bdc381f3eb1bf4327b9ef4bb22ff399c301551f421acf
playwright-best-practices	https://github.com/currents-dev/playwright-best-practices-skill/tree/283d5cbc5d11aac1abda058b16ad22c317d54dc0/playwright-best-practices	283d5cbc5d11aac1abda058b16ad22c317d54dc0	c8be5caab827faae11237d6bbcb7248a3f39659c506cd3267a22fbd50c52bc46	6d62ea8fd597e9fc40475d421f2f98b8c93a5e79b5a8f0ef4339752c24c7fb1f
web-design-reviewer	https://github.com/github/awesome-copilot/tree/952c4f45a7bba173f32176a2658a03a1a5ad462c/skills/web-design-reviewer	952c4f45a7bba173f32176a2658a03a1a5ad462c	93784dfa7e42391920887ab9ee2600beb9bd3ff6fda662202e32f4125067d7cc	f7fa17f95793aebd5ce22009d0354ea1e6dd778c227a83077b89832863dde48b
ui-ux-pro-max	https://github.com/nextlevelbuilder/ui-ux-pro-max-skill/tree/14ddef5c05e52d7c253b8f0129de7bcd1045ae5b/.claude/skills/ui-ux-pro-max	14ddef5c05e52d7c253b8f0129de7bcd1045ae5b	dc1761011c3e768b093dd72b7ffa0822c5f72684974d439bac8f52e40757a2f8	83f5bceecfb9539f780fae0e611fd5627b6cf785f8226afc03bb9ca550f9fa21
