# skill	source_url	assessed_revision	payload_sha256	tree_sha256
clean-code-dotnet	https://github.com/thangchung/clean-code-dotnet/tree/a604cf99e618de359cf34c5384a16fe72a5db2f4	a604cf99e618de359cf34c5384a16fe72a5db2f4	a2e72625d87473c04ff763d73b943db386308c49b11f9a174275f6adc81af552	ec219244eb5c194376737b6bae6894c83c13ae3fadcc7182687d138182663153
microsoft-code-reference	https://github.com/github/awesome-copilot/tree/1918e6f868fdce88ad5d848406fe472fa3948b7a/skills/microsoft-code-reference	1918e6f868fdce88ad5d848406fe472fa3948b7a	02760528788e9c3c9d4f6f1e84a0116667a7d46542fe8015eb6467c271a5775d	be249a9695b5390872b4a46ec58240b2e433459ffe79e36ba706d1a6bcd330df
microsoft-docs	https://github.com/github/awesome-copilot/tree/a3035a6e7cad53ef68ca321d5f5365c0043af519/skills/microsoft-docs	a3035a6e7cad53ef68ca321d5f5365c0043af519	bfd44e89936513eebd9dae7eca65d9dbda40ce9a3f84a05eea2493f76325a150	9becdf0c515f00430ce7027f9224dc0ec114d6ff20923bfa9edc0c4cc5014d77
playwright-best-practices	https://github.com/currents-dev/playwright-best-practices-skill/tree/283d5cbc5d11aac1abda058b16ad22c317d54dc0/playwright-best-practices	283d5cbc5d11aac1abda058b16ad22c317d54dc0	c31cf89e4e6dc6a5b997d2c8d7c6cc367e2e3ecd790ab62c770c8c2d3ff8fddc	a14c2bca1f11a8665f30cfdc0595c15f5d57cdb3af42aab6e18a2238ba2e9f08
web-design-reviewer	https://github.com/github/awesome-copilot/tree/952c4f45a7bba173f32176a2658a03a1a5ad462c/skills/web-design-reviewer	952c4f45a7bba173f32176a2658a03a1a5ad462c	34aa4e97d1a1b70e2bd3f1b19a689aa4e800fc98c0bbcc60c315d6f101c55010	6f4c11cd8714a1e9f15e69779a98512b9d78e85f89e4889d6fb8c74360ccbe6c
ui-ux-pro-max	https://github.com/nextlevelbuilder/ui-ux-pro-max-skill/tree/14ddef5c05e52d7c253b8f0129de7bcd1045ae5b/.claude/skills/ui-ux-pro-max	14ddef5c05e52d7c253b8f0129de7bcd1045ae5b	3fff0dd81f63654f8984d8b08b8e0156af687e80d545062191a261e520251eca	20a373233625a27d8118204b18686f9c7b7e30f85f12da36e817e81740fb1d36
test-gap-analysis	https://github.com/dotnet/skills/tree/4d25f17/plugins/dotnet-test/skills/test-gap-analysis	4d25f171766a9b852b229540bf9b8a6874ef16db	7008f5fa0e1c1672afb18e4bc08ce8c7fc7b5e4e5a700bff91cfc2fcb0acf731	08366541fafcc856569cf5de0946d3e60806741880b070a7e7891343fde58380
# speak-human-tw 的 source_url 指 repo root，但 payload 只取 upstream 27 個檔中的 10 個。
# 取捨規則（re-vendor 時照這條重跑，不要照 URL 整包抓）：
#   vendor SKILL.md 相對引用的遞移閉包 + LICENSE。
#   於是 evals/{benchmark,run-eval}.md 被引用故保留，evals/results-v*.md 無人引用故丟棄；
#   assets/(1.6MB 圖)、scripts/、install/、.github/、README/CHANGELOG/CONTRIBUTING 同理丟棄。
#   本地 fork 另加 evals/trigger-cases.jsonl，並由 evals/run-eval.md 引用，固定 technical fire／quiet 邊界。
#   兩個方向都不留懸空：既無 dead pointer，也無未被引用的檔。
speak-human-tw	https://github.com/Raymondhou0917/speak-human-tw/tree/ee860be6fb190cbc53dc1d45a2a47c9c9c680243	ee860be6fb190cbc53dc1d45a2a47c9c9c680243	665b641896906a690ca58c82e268cc052af59228b15436f4be3c84bfeec22847	88e10c14349989611e6316dac8da20d846b5636619cbe5acdf226e344a7f9c63
